# THIS IS AN AUTOGENERATED FILE. DO NOT EDIT THIS FILE DIRECTLY.
# yarn lockfile v1


"@types/w3c-web-serial@^1.0.8":
  version "1.0.8"
  resolved "https://registry.yarnpkg.com/@types/w3c-web-serial/-/w3c-web-serial-1.0.8.tgz#38338a26b45ffbcc85596c3940bcafeb90200529"
  integrity sha512-QQOT+bxQJhRGXoZDZGLs3ksLud1dMNnMiSQtBA0w8KXvLpXX4oM4TZb6J0GgJ8UbCaHo5s9/4VQT8uXy9JER2A==

"@types/w3c-web-usb@^1.0.14":
  version "1.0.14"
  resolved "https://registry.yarnpkg.com/@types/w3c-web-usb/-/w3c-web-usb-1.0.14.tgz#9b2c8e723045e7bf8018d47efe1b736815b23b38"
  integrity sha512-Qu3Nn6JFuF4+sHKYl+IcX9vYiI40ogleXzFFSxoE1W94rG98o/kXs8uJ0QSfFzuwBCZWlGfUGpPkgwuuX4PchA==
